// !$*UTF8*$!
{
	archiveVersion = 1;
	classes = {
	};
	objectVersion = 50;
	objects = {

/* Begin PBXBuildFile section */
		9506BDD624A66ED9004A0BBD /* AppDelegate.swift in Sources */ = {isa = PBXBuildFile; fileRef = 9506BDD524A66ED9004A0BBD /* AppDelegate.swift */; };
		9506BDD824A66ED9004A0BBD /* SceneDelegate.swift in Sources */ = {isa = PBXBuildFile; fileRef = 9506BDD724A66ED9004A0BBD /* SceneDelegate.swift */; };
		9506BDDA24A66ED9004A0BBD /* ViewController.swift in Sources */ = {isa = PBXBuildFile; fileRef = 9506BDD924A66ED9004A0BBD /* ViewController.swift */; };
		9506BDDD24A66ED9004A0BBD /* Main.storyboard in Resources */ = {isa = PBXBuildFile; fileRef = 9506BDDB24A66ED9004A0BBD /* Main.storyboard */; };
		9506BDDF24A66EDB004A0BBD /* Assets.xcassets in Resources */ = {isa = PBXBuildFile; fileRef = 9506BDDE24A66EDB004A0BBD /* Assets.xcassets */; };
		9506BDE224A66EDB004A0BBD /* LaunchScreen.storyboard in Resources */ = {isa = PBXBuildFile; fileRef = 9506BDE024A66EDB004A0BBD /* LaunchScreen.storyboard */; };
		9506BDED24A66EDB004A0BBD /* ZOYATests.swift in Sources */ = {isa = PBXBuildFile; fileRef = 9506BDEC24A66EDB004A0BBD /* ZOYATests.swift */; };
		9506BDF824A66EDB004A0BBD /* ZOYAUITests.swift in Sources */ = {isa = PBXBuildFile; fileRef = 9506BDF724A66EDB004A0BBD /* ZOYAUITests.swift */; };
		9506BE0624A66F0C004A0BBD /* GameController.swift in Sources */ = {isa = PBXBuildFile; fileRef = 9506BE0524A66F0C004A0BBD /* GameController.swift */; };
		9506BE0824A69DEC004A0BBD /* deck.txt in Resources */ = {isa = PBXBuildFile; fileRef = 9506BE0724A69DEB004A0BBD /* deck.txt */; };
/* End PBXBuildFile section */

/* Begin PBXContainerItemProxy section */
		9506BDE924A66EDB004A0BBD /* PBXContainerItemProxy */ = {
			isa = PBXContainerItemProxy;
			containerPortal = 9506BDCA24A66ED9004A0BBD /* Project object */;
			proxyType = 1;
			remoteGlobalIDString = 9506BDD124A66ED9004A0BBD;
			remoteInfo = ZOYA;
		};
		9506BDF424A66EDB004A0BBD /* PBXContainerItemProxy */ = {
			isa = PBXContainerItemProxy;
			containerPortal = 9506BDCA24A66ED9004A0BBD /* Project object */;
			proxyType = 1;
			remoteGlobalIDString = 9506BDD124A66ED9004A0BBD;
			remoteInfo = ZOYA;
		};
/* End PBXContainerItemProxy section */

/* Begin PBXFileReference section */
		9506BDD224A66ED9004A0BBD /* ZOYA.app */ = {isa = PBXFileReference; explicitFileType = wrapper.application; includeInIndex = 0; path = ZOYA.app; sourceTree = BUILT_PRODUCTS_DIR; };
		9506BDD524A66ED9004A0BBD /* AppDelegate.swift */ = {isa = PBXFileReference; lastKnownFileType = sourcecode.swift; path = AppDelegate.swift; sourceTree = "<group>"; };
		9506BDD724A66ED9004A0BBD /* SceneDelegate.swift */ = {isa = PBXFileReference; lastKnownFileType = sourcecode.swift; path = SceneDelegate.swift; sourceTree = "<group>"; };
		9506BDD924A66ED9004A0BBD /* ViewController.swift */ = {isa = PBXFileReference; lastKnownFileType = sourcecode.swift; path = ViewController.swift; sourceTree = "<group>"; };
		9506BDDC24A66ED9004A0BBD /* Base */ = {isa = PBXFileReference; lastKnownFileType = file.storyboard; name = Base; path = Base.lproj/Main.storyboard; sourceTree = "<group>"; };
		9506BDDE24A66EDB004A0BBD /* Assets.xcassets */ = {isa = PBXFileReference; lastKnownFileType = folder.assetcatalog; path = Assets.xcassets; sourceTree = "<group>"; };
		9506BDE124A66EDB004A0BBD /* Base */ = {isa = PBXFileReference; lastKnownFileType = file.storyboard; name = Base; path = Base.lproj/LaunchScreen.storyboard; sourceTree = "<group>"; };
		9506BDE324A66EDB004A0BBD /* Info.plist */ = {isa = PBXFileReference; lastKnownFileType = text.plist.xml; path = Info.plist; sourceTree = "<group>"; };
		9506BDE824A66EDB004A0BBD /* ZOYATests.xctest */ = {isa = PBXFileReference; explicitFileType = wrapper.cfbundle; includeInIndex = 0; path = ZOYATests.xctest; sourceTree = BUILT_PRODUCTS_DIR; };
		9506BDEC24A66EDB004A0BBD /* ZOYATests.swift */ = {isa = PBXFileReference; lastKnownFileType = sourcecode.swift; path = ZOYATests.swift; sourceTree = "<group>"; };
		9506BDEE24A66EDB004A0BBD /* Info.plist */ = {isa = PBXFileReference; lastKnownFileType = text.plist.xml; path = Info.plist; sourceTree = "<group>"; };
		9506BDF324A66EDB004A0BBD /* ZOYAUITests.xctest */ = {isa = PBXFileReference; explicitFileType = wrapper.cfbundle; includeInIndex = 0; path = ZOYAUITests.xctest; sourceTree = BUILT_PRODUCTS_DIR; };
		9506BDF724A66EDB004A0BBD /* ZOYAUITests.swift */ = {isa = PBXFileReference; lastKnownFileType = sourcecode.swift; path = ZOYAUITests.swift; sourceTree = "<group>"; };
		9506BDF924A66EDB004A0BBD /* Info.plist */ = {isa = PBXFileReference; lastKnownFileType = text.plist.xml; path = Info.plist; sourceTree = "<group>"; };
		9506BE0524A66F0C004A0BBD /* GameController.swift */ = {isa = PBXFileReference; lastKnownFileType = sourcecode.swift; path = GameController.swift; sourceTree = "<group>"; };
		9506BE0724A69DEB004A0BBD /* deck.txt */ = {isa = PBXFileReference; fileEncoding = 4; lastKnownFileType = text; path = deck.txt; sourceTree = "<group>"; };
/* End PBXFileReference section */

/* Begin PBXFrameworksBuildPhase section */
		9506BDCF24A66ED9004A0BBD /* Frameworks */ = {
			isa = PBXFrameworksBuildPhase;
			buildActionMask = 2147483647;
			files = (
			);
			runOnlyForDeploymentPostprocessing = 0;
		};
		9506BDE524A66EDB004A0BBD /* Frameworks */ = {
			isa = PBXFrameworksBuildPhase;
			buildActionMask = 2147483647;
			files = (
			);
			runOnlyForDeploymentPostprocessing = 0;
		};
		9506BDF024A66EDB004A0BBD /* Frameworks */ = {
			isa = PBXFrameworksBuildPhase;
			buildActionMask = 2147483647;
			files = (
			);
			runOnlyForDeploymentPostprocessing = 0;
		};
/* End PBXFrameworksBuildPhase section */

/* Begin PBXGroup section */
		9506BDC924A66ED9004A0BBD = {
			isa = PBXGroup;
			children = (
				9506BDD424A66ED9004A0BBD /* ZOYA */,
				9506BDEB24A66EDB004A0BBD /* ZOYATests */,
				9506BDF624A66EDB004A0BBD /* ZOYAUITests */,
				9506BDD324A66ED9004A0BBD /* Products */,
			);
			sourceTree = "<group>";
		};
		9506BDD324A66ED9004A0BBD /* Products */ = {
			isa = PBXGroup;
			children = (
				9506BDD224A66ED9004A0BBD /* ZOYA.app */,
				9506BDE824A66EDB004A0BBD /* ZOYATests.xctest */,
				9506BDF324A66EDB004A0BBD /* ZOYAUITests.xctest */,
			);
			name = Products;
			sourceTree = "<group>";
		};
		9506BDD424A66ED9004A0BBD /* ZOYA */ = {
			isa = PBXGroup;
			children = (
				9506BDD524A66ED9004A0BBD /* AppDelegate.swift */,
				9506BDD724A66ED9004A0BBD /* SceneDelegate.swift */,
				9506BDD924A66ED9004A0BBD /* ViewController.swift */,
				9506BE0524A66F0C004A0BBD /* GameController.swift */,
				9506BDDB24A66ED9004A0BBD /* Main.storyboard */,
				9506BE0724A69DEB004A0BBD /* deck.txt */,
				9506BDDE24A66EDB004A0BBD /* Assets.xcassets */,
				9506BDE024A66EDB004A0BBD /* LaunchScreen.storyboard */,
				9506BDE324A66EDB004A0BBD /* Info.plist */,
			);
			path = ZOYA;
			sourceTree = "<group>";
		};
		9506BDEB24A66EDB004A0BBD /* ZOYATests */ = {
			isa = PBXGroup;
			children = (
				9506BDEC24A66EDB004A0BBD /* ZOYATests.swift */,
				9506BDEE24A66EDB004A0BBD /* Info.plist */,
			);
			path = ZOYATests;
			sourceTree = "<group>";
		};
		9506BDF624A66EDB004A0BBD /* ZOYAUITests */ = {
			isa = PBXGroup;
			children = (
				9506BDF724A66EDB004A0BBD /* ZOYAUITests.swift */,
				9506BDF924A66EDB004A0BBD /* Info.plist */,
			);
			path = ZOYAUITests;
			sourceTree = "<group>";
		};
/* End PBXGroup section */

/* Begin PBXNativeTarget section */
		9506BDD124A66ED9004A0BBD /* ZOYA */ = {
			isa = PBXNativeTarget;
			buildConfigurationList = 9506BDFC24A66EDB004A0BBD /* Build configuration list for PBXNativeTarget "ZOYA" */;
			buildPhases = (
				9506BDCE24A66ED9004A0BBD /* Sources */,
				9506BDCF24A66ED9004A0BBD /* Frameworks */,
				9506BDD024A66ED9004A0BBD /* Resources */,
			);
			buildRules = (
			);
			dependencies = (
			);
			name = ZOYA;
			productName = ZOYA;
			productReference = 9506BDD224A66ED9004A0BBD /* ZOYA.app */;
			productType = "com.apple.product-type.application";
		};
		9506BDE724A66EDB004A0BBD /* ZOYATests */ = {
			isa = PBXNativeTarget;
			buildConfigurationList = 9506BDFF24A66EDB004A0BBD /* Build configuration list for PBXNativeTarget "ZOYATests" */;
			buildPhases = (
				9506BDE424A66EDB004A0BBD /* Sources */,
				9506BDE524A66EDB004A0BBD /* Frameworks */,
				9506BDE624A66EDB004A0BBD /* Resources */,
			);
			buildRules = (
			);
			dependencies = (
				9506BDEA24A66EDB004A0BBD /* PBXTargetDependency */,
			);
			name = ZOYATests;
			productName = ZOYATests;
			productReference = 9506BDE824A66EDB004A0BBD /* ZOYATests.xctest */;
			productType = "com.apple.product-type.bundle.unit-test";
		};
		9506BDF224A66EDB004A0BBD /* ZOYAUITests */ = {
			isa = PBXNativeTarget;
			buildConfigurationList = 9506BE0224A66EDB004A0BBD /* Build configuration list for PBXNativeTarget "ZOYAUITests" */;
			buildPhases = (
				9506BDEF24A66EDB004A0BBD /* Sources */,
				9506BDF024A66EDB004A0BBD /* Frameworks */,
				9506BDF124A66EDB004A0BBD /* Resources */,
			);
			buildRules = (
			);
			dependencies = (
				9506BDF524A66EDB004A0BBD /* PBXTargetDependency */,
			);
			name = ZOYAUITests;
			productName = ZOYAUITests;
			productReference = 9506BDF324A66EDB004A0BBD /* ZOYAUITests.xctest */;
			productType = "com.apple.product-type.bundle.ui-testing";
		};
/* End PBXNativeTarget section */

/* Begin PBXProject section */
		9506BDCA24A66ED9004A0BBD /* Project object */ = {
			isa = PBXProject;
			attributes = {
				LastSwiftUpdateCheck = 1150;
				LastUpgradeCheck = 1150;
				ORGANIZATIONNAME = GAAG;
				TargetAttributes = {
					9506BDD124A66ED9004A0BBD = {
						CreatedOnToolsVersion = 11.5;
					};
					9506BDE724A66EDB004A0BBD = {
						CreatedOnToolsVersion = 11.5;
						TestTargetID = 9506BDD124A66ED9004A0BBD;
					};
					9506BDF224A66EDB004A0BBD = {
						CreatedOnToolsVersion = 11.5;
						TestTargetID = 9506BDD124A66ED9004A0BBD;
					};
				};
			};
			buildConfigurationList = 9506BDCD24A66ED9004A0BBD /* Build configuration list for PBXProject "ZOYA" */;
			compatibilityVersion = "Xcode 9.3";
			developmentRegion = en;
			hasScannedForEncodings = 0;
			knownRegions = (
				en,
				Base,
			);
			mainGroup = 9506BDC924A66ED9004A0BBD;
			productRefGroup = 9506BDD324A66ED9004A0BBD /* Products */;
			projectDirPath = "";
			projectRoot = "";
			targets = (
				9506BDD124A66ED9004A0BBD /* ZOYA */,
				9506BDE724A66EDB004A0BBD /* ZOYATests */,
				9506BDF224A66EDB004A0BBD /* ZOYAUITests */,
			);
		};
/* End PBXProject section */

/* Begin PBXResourcesBuildPhase section */
		9506BDD024A66ED9004A0BBD /* Resources */ = {
			isa = PBXResourcesBuildPhase;
			buildActionMask = 2147483647;
			files = (
				9506BDE224A66EDB004A0BBD /* LaunchScreen.storyboard in Resources */,
				9506BE0824A69DEC004A0BBD /* deck.txt in Resources */,
				9506BDDF24A66EDB004A0BBD /* Assets.xcassets in Resources */,
				9506BDDD24A66ED9004A0BBD /* Main.storyboard in Resources */,
			);
			runOnlyForDeploymentPostprocessing = 0;
		};
		9506BDE624A66EDB004A0BBD /* Resources */ = {
			isa = PBXResourcesBuildPhase;
			buildActionMask = 2147483647;
			files = (
			);
			runOnlyForDeploymentPostprocessing = 0;
		};
		9506BDF124A66EDB004A0BBD /* Resources */ = {
			isa = PBXResourcesBuildPhase;
			buildActionMask = 2147483647;
			files = (
			);
			runOnlyForDeploymentPostprocessing = 0;
		};
/* End PBXResourcesBuildPhase section */

/* Begin PBXSourcesBuildPhase section */
		9506BDCE24A66ED9004A0BBD /* Sources */ = {
			isa = PBXSourcesBuildPhase;
			buildActionMask = 2147483647;
			files = (
				9506BDDA24A66ED9004A0BBD /* ViewController.swift in Sources */,
				9506BE0624A66F0C004A0BBD /* GameController.swift in Sources */,
				9506BDD624A66ED9004A0BBD /* AppDelegate.swift in Sources */,
				9506BDD824A66ED9004A0BBD /* SceneDelegate.swift in Sources */,
			);
			runOnlyForDeploymentPostprocessing = 0;
		};
		9506BDE424A66EDB004A0BBD /* Sources */ = {
			isa = PBXSourcesBuildPhase;
			buildActionMask = 2147483647;
			files = (
				9506BDED24A66EDB004A0BBD /* ZOYATests.swift in Sources */,
			);
			runOnlyForDeploymentPostprocessing = 0;
		};
		9506BDEF24A66EDB004A0BBD /* Sources */ = {
			isa = PBXSourcesBuildPhase;
			buildActionMask = 2147483647;
			files = (
				9506BDF824A66EDB004A0BBD /* ZOYAUITests.swift in Sources */,
			);
			runOnlyForDeploymentPostprocessing = 0;
		};
/* End PBXSourcesBuildPhase section */

/* Begin PBXTargetDependency section */
		9506BDEA24A66EDB004A0BBD /* PBXTargetDependency */ = {
			isa = PBXTargetDependency;
			target = 9506BDD124A66ED9004A0BBD /* ZOYA */;
			targetProxy = 9506BDE924A66EDB004A0BBD /* PBXContainerItemProxy */;
		};
		9506BDF524A66EDB004A0BBD /* PBXTargetDependency */ = {
			isa = PBXTargetDependency;
			target = 9506BDD124A66ED9004A0BBD /* ZOYA */;
			targetProxy = 9506BDF424A66EDB004A0BBD /* PBXContainerItemProxy */;
		};
/* End PBXTargetDependency section */

/* Begin PBXVariantGroup section */
		9506BDDB24A66ED9004A0BBD /* Main.storyboard */ = {
			isa = PBXVariantGroup;
			children = (
				9506BDDC24A66ED9004A0BBD /* Base */,
			);
			name = Main.storyboard;
			sourceTree = "<group>";
		};
		9506BDE024A66EDB004A0BBD /* LaunchScreen.storyboard */ = {
			isa = PBXVariantGroup;
			children = (
				9506BDE124A66EDB004A0BBD /* Base */,
			);
			name = LaunchScreen.storyboard;
			sourceTree = "<group>";
		};
/* End PBXVariantGroup section */

/* Begin XCBuildConfiguration section */
		9506BDFA24A66EDB004A0BBD /* Debug */ = {
			isa = XCBuildConfiguration;
			buildSettings = {
				ALWAYS_SEARCH_USER_PATHS = NO;
				CLANG_ANALYZER_NONNULL = YES;
				CLANG_ANALYZER_NUMBER_OBJECT_CONVERSION = YES_AGGRESSIVE;
				CLANG_CXX_LANGUAGE_STANDARD = "gnu++14";
				CLANG_CXX_LIBRARY = "libc++";
				CLANG_ENABLE_MODULES = YES;
				CLANG_ENABLE_OBJC_ARC = YES;
				CLANG_ENABLE_OBJC_WEAK = YES;
				CLANG_WARN_BLOCK_CAPTURE_AUTORELEASING = YES;
				CLANG_WARN_BOOL_CONVERSION = YES;
				CLANG_WARN_COMMA = YES;
				CLANG_WARN_CONSTANT_CONVERSION = YES;
				CLANG_WARN_DEPRECATED_OBJC_IMPLEMENTATIONS = YES;
				CLANG_WARN_DIRECT_OBJC_ISA_USAGE = YES_ERROR;
				CLANG_WARN_DOCUMENTATION_COMMENTS = YES;
				CLANG_WARN_EMPTY_BODY = YES;
				CLANG_WARN_ENUM_CONVERSION = YES;
				CLANG_WARN_INFINITE_RECURSION = YES;
				CLANG_WARN_INT_CONVERSION = YES;
				CLANG_WARN_NON_LITERAL_NULL_CONVERSION = YES;
				CLANG_WARN_OBJC_IMPLICIT_RETAIN_SELF = YES;
				CLANG_WARN_OBJC_LITERAL_CONVERSION = YES;
				CLANG_WARN_OBJC_ROOT_CLASS = YES_ERROR;
				CLANG_WARN_RANGE_LOOP_ANALYSIS = YES;
				CLANG_WARN_STRICT_PROTOTYPES = YES;
				CLANG_WARN_SUSPICIOUS_MOVE = YES;
				CLANG_WARN_UNGUARDED_AVAILABILITY = YES_AGGRESSIVE;
				CLANG_WARN_UNREACHABLE_CODE = YES;
				CLANG_WARN__DUPLICATE_METHOD_MATCH = YES;
				COPY_PHASE_STRIP = NO;
				DEBUG_INFORMATION_FORMAT = dwarf;
				ENABLE_STRICT_OBJC_MSGSEND = YES;
				ENABLE_TESTABILITY = YES;
				GCC_C_LANGUAGE_STANDARD = gnu11;
				GCC_DYNAMIC_NO_PIC = NO;
				GCC_NO_COMMON_BLOCKS = YES;
				GCC_OPTIMIZATION_LEVEL = 0;
				GCC_PREPROCESSOR_DEFINITIONS = (
					"DEBUG=1",
					"$(inherited)",
				);
				GCC_WARN_64_TO_32_BIT_CONVERSION = YES;
				GCC_WARN_ABOUT_RETURN_TYPE = YES_ERROR;
				GCC_WARN_UNDECLARED_SELECTOR = YES;
				GCC_WARN_UNINITIALIZED_AUTOS = YES_AGGRESSIVE;
				GCC_WARN_UNUSED_FUNCTION = YES;
				GCC_WARN_UNUSED_VARIABLE = YES;
				IPHONEOS_DEPLOYMENT_TARGET = 13.5;
				MTL_ENABLE_DEBUG_INFO = INCLUDE_SOURCE;
				MTL_FAST_MATH = YES;
				ONLY_ACTIVE_ARCH = YES;
				SDKROOT = iphoneos;
				SWIFT_ACTIVE_COMPILATION_CONDITIONS = DEBUG;
				SWIFT_OPTIMIZATION_LEVEL = "-Onone";
			};
			name = Debug;
		};
		9506BDFB24A66EDB004A0BBD /* Release */ = {
			isa = XCBuildConfiguration;
			buildSettings = {
				ALWAYS_SEARCH_USER_PATHS = NO;
				CLANG_ANALYZER_NONNULL = YES;
				CLANG_ANALYZER_NUMBER_OBJECT_CONVERSION = YES_AGGRESSIVE;
				CLANG_CXX_LANGUAGE_STANDARD = "gnu++14";
				CLANG_CXX_LIBRARY = "libc++";
				CLANG_ENABLE_MODULES = YES;
				CLANG_ENABLE_OBJC_ARC = YES;
				CLANG_ENABLE_OBJC_WEAK = YES;
				CLANG_WARN_BLOCK_CAPTURE_AUTORELEASING = YES;
				CLANG_WARN_BOOL_CONVERSION = YES;
				CLANG_WARN_COMMA = YES;
				CLANG_WARN_CONSTANT_CONVERSION = YES;
				CLANG_WARN_DEPRECATED_OBJC_IMPLEMENTATIONS = YES;
				CLANG_WARN_DIRECT_OBJC_ISA_USAGE = YES_ERROR;
				CLANG_WARN_DOCUMENTATION_COMMENTS = YES;
				CLANG_WARN_EMPTY_BODY = YES;
				CLANG_WARN_ENUM_CONVERSION = YES;
				CLANG_WARN_INFINITE_RECURSION = YES;
				CLANG_WARN_INT_CONVERSION = YES;
				CLANG_WARN_NON_LITERAL_NULL_CONVERSION = YES;
				CLANG_WARN_OBJC_IMPLICIT_RETAIN_SELF = YES;
				CLANG_WARN_OBJC_LITERAL_CONVERSION = YES;
				CLANG_WARN_OBJC_ROOT_CLASS = YES_ERROR;
				CLANG_WARN_RANGE_LOOP_ANALYSIS = YES;
				CLANG_WARN_STRICT_PROTOTYPES = YES;
				CLANG_WARN_SUSPICIOUS_MOVE = YES;
				CLANG_WARN_UNGUARDED_AVAILABILITY = YES_AGGRESSIVE;
				CLANG_WARN_UNREACHABLE_CODE = YES;
				CLANG_WARN__DUPLICATE_METHOD_MATCH = YES;
				COPY_PHASE_STRIP = NO;
				DEBUG_INFORMATION_FORMAT = "dwarf-with-dsym";
				ENABLE_NS_ASSERTIONS = NO;
				ENABLE_STRICT_OBJC_MSGSEND = YES;
				GCC_C_LANGUAGE_STANDARD = gnu11;
				GCC_NO_COMMON_BLOCKS = YES;
				GCC_WARN_64_TO_32_BIT_CONVERSION = YES;
				GCC_WARN_ABOUT_RETURN_TYPE = YES_ERROR;
				GCC_WARN_UNDECLARED_SELECTOR = YES;
				GCC_WARN_UNINITIALIZED_AUTOS = YES_AGGRESSIVE;
				GCC_WARN_UNUSED_FUNCTION = YES;
				GCC_WARN_UNUSED_VARIABLE = YES;
				IPHONEOS_DEPLOYMENT_TARGET = 13.5;
				MTL_ENABLE_DEBUG_INFO = NO;
				MTL_FAST_MATH = YES;
				SDKROOT = iphoneos;
				SWIFT_COMPILATION_MODE = wholemodule;
				SWIFT_OPTIMIZATION_LEVEL = "-O";
				VALIDATE_PRODUCT = YES;
			};
			name = Release;
		};
		9506BDFD24A66EDB004A0BBD /* Debug */ = {
			isa = XCBuildConfiguration;
			buildSettings = {
				ASSETCATALOG_COMPILER_APPICON_NAME = AppIcon;
				CODE_SIGN_STYLE = Automatic;
				DEVELOPMENT_TEAM = 56G2DHRN2D;
				INFOPLIST_FILE = ZOYA/Info.plist;
				LD_RUNPATH_SEARCH_PATHS = (
					"$(inherited)",
					"@executable_path/Frameworks",
				);
				PRODUCT_BUNDLE_IDENTIFIER = com.gaag.ZOYA;
				PRODUCT_NAME = "$(TARGET_NAME)";
				SWIFT_VERSION = 5.0;
				TARGETED_DEVICE_FAMILY = "1,2";
			};
			name = Debug;
		};
		9506BDFE24A66EDB004A0BBD /* Release */ = {
			isa = XCBuildConfiguration;
			buildSettings = {
				ASSETCATALOG_COMPILER_APPICON_NAME = AppIcon;
				CODE_SIGN_STYLE = Automatic;
				DEVELOPMENT_TEAM = 56G2DHRN2D;
				INFOPLIST_FILE = ZOYA/Info.plist;
				LD_RUNPATH_SEARCH_PATHS = (
					"$(inherited)",
					"@executable_path/Frameworks",
				);
				PRODUCT_BUNDLE_IDENTIFIER = com.gaag.ZOYA;
				PRODUCT_NAME = "$(TARGET_NAME)";
				SWIFT_VERSION = 5.0;
				TARGETED_DEVICE_FAMILY = "1,2";
			};
			name = Release;
		};
		9506BE0024A66EDB004A0BBD /* Debug */ = {
			isa = XCBuildConfiguration;
			buildSettings = {
				ALWAYS_EMBED_SWIFT_STANDARD_LIBRARIES = YES;
				BUNDLE_LOADER = "$(TEST_HOST)";
				CODE_SIGN_STYLE = Automatic;
				INFOPLIST_FILE = ZOYATests/Info.plist;
				IPHONEOS_DEPLOYMENT_TARGET = 13.5;
				LD_RUNPATH_SEARCH_PATHS = (
					"$(inherited)",
					"@executable_path/Frameworks",
					"@loader_path/Frameworks",
				);
				PRODUCT_BUNDLE_IDENTIFIER = com.gaag.ZOYATests;
				PRODUCT_NAME = "$(TARGET_NAME)";
				SWIFT_VERSION = 5.0;
				TARGETED_DEVICE_FAMILY = "1,2";
				TEST_HOST = "$(BUILT_PRODUCTS_DIR)/ZOYA.app/ZOYA";
			};
			name = Debug;
		};
		9506BE0124A66EDB004A0BBD /* Release */ = {
			isa = XCBuildConfiguration;
			buildSettings = {
				ALWAYS_EMBED_SWIFT_STANDARD_LIBRARIES = YES;
				BUNDLE_LOADER = "$(TEST_HOST)";
				CODE_SIGN_STYLE = Automatic;
				INFOPLIST_FILE = ZOYATests/Info.plist;
				IPHONEOS_DEPLOYMENT_TARGET = 13.5;
				LD_RUNPATH_SEARCH_PATHS = (
					"$(inherited)",
					"@executable_path/Frameworks",
					"@loader_path/Frameworks",
				);
				PRODUCT_BUNDLE_IDENTIFIER = com.gaag.ZOYATests;
				PRODUCT_NAME = "$(TARGET_NAME)";
				SWIFT_VERSION = 5.0;
				TARGETED_DEVICE_FAMILY = "1,2";
				TEST_HOST = "$(BUILT_PRODUCTS_DIR)/ZOYA.app/ZOYA";
			};
			name = Release;
		};
		9506BE0324A66EDB004A0BBD /* Debug */ = {
			isa = XCBuildConfiguration;
			buildSettings = {
				ALWAYS_EMBED_SWIFT_STANDARD_LIBRARIES = YES;
				CODE_SIGN_STYLE = Automatic;
				INFOPLIST_FILE = ZOYAUITests/Info.plist;
				LD_RUNPATH_SEARCH_PATHS = (
					"$(inherited)",
					"@executable_path/Frameworks",
					"@loader_path/Frameworks",
				);
				PRODUCT_BUNDLE_IDENTIFIER = com.gaag.ZOYAUITests;
				PRODUCT_NAME = "$(TARGET_NAME)";
				SWIFT_VERSION = 5.0;
				TARGETED_DEVICE_FAMILY = "1,2";
				TEST_TARGET_NAME = ZOYA;
			};
			name = Debug;
		};
		9506BE0424A66EDB004A0BBD /* Release */ = {
			isa = XCBuildConfiguration;
			buildSettings = {
				ALWAYS_EMBED_SWIFT_STANDARD_LIBRARIES = YES;
				CODE_SIGN_STYLE = Automatic;
				INFOPLIST_FILE = ZOYAUITests/Info.plist;
				LD_RUNPATH_SEARCH_PATHS = (
					"$(inherited)",
					"@executable_path/Frameworks",
					"@loader_path/Frameworks",
				);
				PRODUCT_BUNDLE_IDENTIFIER = com.gaag.ZOYAUITests;
				PRODUCT_NAME = "$(TARGET_NAME)";
				SWIFT_VERSION = 5.0;
				TARGETED_DEVICE_FAMILY = "1,2";
				TEST_TARGET_NAME = ZOYA;
			};
			name = Release;
		};
/* End XCBuildConfiguration section */

/* Begin XCConfigurationList section */
		9506BDCD24A66ED9004A0BBD /* Build configuration list for PBXProject "ZOYA" */ = {
			isa = XCConfigurationList;
			buildConfigurations = (
				9506BDFA24A66EDB004A0BBD /* Debug */,
				9506BDFB24A66EDB004A0BBD /* Release */,
			);
			defaultConfigurationIsVisible = 0;
			defaultConfigurationName = Release;
		};
		9506BDFC24A66EDB004A0BBD /* Build configuration list for PBXNativeTarget "ZOYA" */ = {
			isa = XCConfigurationList;
			buildConfigurations = (
				9506BDFD24A66EDB004A0BBD /* Debug */,
				9506BDFE24A66EDB004A0BBD /* Release */,
			);
			defaultConfigurationIsVisible = 0;
			defaultConfigurationName = Release;
		};
		9506BDFF24A66EDB004A0BBD /* Build configuration list for PBXNativeTarget "ZOYATests" */ = {
			isa = XCConfigurationList;
			buildConfigurations = (
				9506BE0024A66EDB004A0BBD /* Debug */,
				9506BE0124A66EDB004A0BBD /* Release */,
			);
			defaultConfigurationIsVisible = 0;
			defaultConfigurationName = Release;
		};
		9506BE0224A66EDB004A0BBD /* Build configuration list for PBXNativeTarget "ZOYAUITests" */ = {
			isa = XCConfigurationList;
			buildConfigurations = (
				9506BE0324A66EDB004A0BBD /* Debug */,
				9506BE0424A66EDB004A0BBD /* Release */,
			);
			defaultConfigurationIsVisible = 0;
			defaultConfigurationName = Release;
		};
/* End XCConfigurationList section */
	};
	rootObject = 9506BDCA24A66ED9004A0BBD /* Project object */;
}
